// !$*UTF8*$!
{
	archiveVersion = 1;
	classes = {
	};
	objectVersion = 46;
	objects = {

/* Begin PBXBuildFile section */
		F5C3CC0E1D65DEDA00DE60A9 /* main.m in Sources */ = {isa = PBXBuildFile; fileRef = F5C3CC0D1D65DEDA00DE60A9 /* main.m */; };
		F5C3CC111D65DEDA00DE60A9 /* AppDelegate.m in Sources */ = {isa = PBXBuildFile; fileRef = F5C3CC101D65DEDA00DE60A9 /* AppDelegate.m */; };
		F5C3CC141D65DEDA00DE60A9 /* ViewController.m in Sources */ = {isa = PBXBuildFile; fileRef = F5C3CC131D65DEDA00DE60A9 /* ViewController.m */; };
		F5C3CC171D65DEDA00DE60A9 /* Main.storyboard in Resources */ = {isa = PBXBuildFile; fileRef = F5C3CC151D65DEDA00DE60A9 /* Main.storyboard */; };
		F5C3CC191D65DEDA00DE60A9 /* Assets.xcassets in Resources */ = {isa = PBXBuildFile; fileRef = F5C3CC181D65DEDA00DE60A9 /* Assets.xcassets */; };
		F5C3CC1C1D65DEDA00DE60A9 /* LaunchScreen.storyboard in Resources */ = {isa = PBXBuildFile; fileRef = F5C3CC1A1D65DEDA00DE60A9 /* LaunchScreen.storyboard */; };
/* End PBXBuildFile section */

/* Begin PBXFileReference section */
		F5C3CC091D65DEDA00DE60A9 /* DrawCircle.app */ = {isa = PBXFileReference; explicitFileType = wrapper.application; includeInIndex = 0; path = DrawCircle.app; sourceTree = BUILT_PRODUCTS_DIR; };
		F5C3CC0D1D65DEDA00DE60A9 /* main.m */ = {isa = PBXFileReference; lastKnownFileType = sourcecode.c.objc; path = main.m; sourceTree = "<group>"; };
		F5C3CC0F1D65DEDA00DE60A9 /* AppDelegate.h */ = {isa = PBXFileReference; lastKnownFileType = sourcecode.c.h; path = AppDelegate.h; sourceTree = "<group>"; };
		F5C3CC101D65DEDA00DE60A9 /* AppDelegate.m */ = {isa = PBXFileReference; lastKnownFileType = sourcecode.c.objc; path = AppDelegate.m; sourceTree = "<group>"; };
		F5C3CC121D65DEDA00DE60A9 /* ViewController.h */ = {isa = PBXFileReference; lastKnownFileType = sourcecode.c.h; path = ViewController.h; sourceTree = "<group>"; };
		F5C3CC131D65DEDA00DE60A9 /* ViewController.m */ = {isa = PBXFileReference; lastKnownFileType = sourcecode.c.objc; path = ViewController.m; sourceTree = "<group>"; };
		F5C3CC161D65DEDA00DE60A9 /* Base */ = {isa = PBXFileReference; lastKnownFileType = file.storyboard; name = Base; path = Base.lproj/Main.storyboard; sourceTree = "<group>"; };
		F5C3CC181D65DEDA00DE60A9 /* Assets.xcassets */ = {isa = PBXFileReference; lastKnownFileType = folder.assetcatalog; path = Assets.xcassets; sourceTree = "<group>"; };
		F5C3CC1B1D65DEDA00DE60A9 /* Base */ = {isa = PBXFileReference; lastKnownFileType = file.storyboard; name = Base; path = Base.lproj/LaunchScreen.storyboard; sourceTree = "<group>"; };
		F5C3CC1D1D65DEDA00DE60A9 /* Info.plist */ = {isa = PBXFileReference; lastKnownFileType = text.plist.xml; path = Info.plist; sourceTree = "<group>"; };
/* End PBXFileReference section */

/* Begin PBXFrameworksBuildPhase section */
		F5C3CC061D65DEDA00DE60A9 /* Frameworks */ = {
			isa = PBXFrameworksBuildPhase;
			buildActionMask = 2147483647;
			files = (
			);
			runOnlyForDeploymentPostprocessing = 0;
		};
/* End PBXFrameworksBuildPhase section */

/* Begin PBXGroup section */
		F5C3CC001D65DEDA00DE60A9 = {
			isa = PBXGroup;
			children = (
				F5C3CC0B1D65DEDA00DE60A9 /* DrawCircle */,
				F5C3CC0A1D65DEDA00DE60A9 /* Products */,
			);
			sourceTree = "<group>";
		};
		F5C3CC0A1D65DEDA00DE60A9 /* Products */ = {
			isa = PBXGroup;
			children = (
				F5C3CC091D65DEDA00DE60A9 /* DrawCircle.app */,
			);
			name = Products;
			sourceTree = "<group>";
		};
		F5C3CC0B1D65DEDA00DE60A9 /* DrawCircle */ = {
			isa = PBXGroup;
			children = (
				F5C3CC0F1D65DEDA00DE60A9 /* AppDelegate.h */,
				F5C3CC101D65DEDA00DE60A9 /* AppDelegate.m */,
				F5C3CC121D65DEDA00DE60A9 /* ViewController.h */,
				F5C3CC131D65DEDA00DE60A9 /* ViewController.m */,
				F5C3CC151D65DEDA00DE60A9 /* Main.storyboard */,
				F5C3CC181D65DEDA00DE60A9 /* Assets.xcassets */,
				F5C3CC1A1D65DEDA00DE60A9 /* LaunchScreen.storyboard */,
				F5C3CC1D1D65DEDA00DE60A9 /* Info.plist */,
				F5C3CC0C1D65DEDA00DE60A9 /* Supporting Files */,
			);
			path = DrawCircle;
			sourceTree = "<group>";
		};
		F5C3CC0C1D65DEDA00DE60A9 /* Supporting Files */ = {
			isa = PBXGroup;
			children = (
				F5C3CC0D1D65DEDA00DE60A9 /* main.m */,
			);
			name = "Supporting Files";
			sourceTree = "<group>";
		};
/* End PBXGroup section */

/* Begin PBXNativeTarget section */
		F5C3CC081D65DEDA00DE60A9 /* DrawCircle */ = {
			isa = PBXNativeTarget;
			buildConfigurationList = F5C3CC201D65DEDA00DE60A9 /* Build configuration list for PBXNativeTarget "DrawCircle" */;
			buildPhases = (
				F5C3CC051D65DEDA00DE60A9 /* Sources */,
				F5C3CC061D65DEDA00DE60A9 /* Frameworks */,
				F5C3CC071D65DEDA00DE60A9 /* Resources */,
			);
			buildRules = (
			);
			dependencies = (
			);
			name = DrawCircle;
			productName = DrawCircle;
			productReference = F5C3CC091D65DEDA00DE60A9 /* DrawCircle.app */;
			productType = "com.apple.product-type.application";
		};
/* End PBXNativeTarget section */

/* Begin PBXProject section */
		F5C3CC011D65DEDA00DE60A9 /* Project object */ = {
			isa = PBXProject;
			attributes = {
				LastUpgradeCheck = 0800;
				ORGANIZATIONNAME = "区振轩";
				TargetAttributes = {
					F5C3CC081D65DEDA00DE60A9 = {
						CreatedOnToolsVersion = 8.0;
						DevelopmentTeam = GTMKG6EH2C;
						DevelopmentTeamName = "振轩 区 (Personal Team)";
						ProvisioningStyle = Automatic;
					};
				};
			};
			buildConfigurationList = F5C3CC041D65DEDA00DE60A9 /* Build configuration list for PBXProject "DrawCircle" */;
			compatibilityVersion = "Xcode 3.2";
			developmentRegion = English;
			hasScannedForEncodings = 0;
			knownRegions = (
				en,
				Base,
			);
			mainGroup = F5C3CC001D65DEDA00DE60A9;
			productRefGroup = F5C3CC0A1D65DEDA00DE60A9 /* Products */;
			projectDirPath = "";
			projectRoot = "";
			targets = (
				F5C3CC081D65DEDA00DE60A9 /* DrawCircle */,
			);
		};
/* End PBXProject section */

/* Begin PBXResourcesBuildPhase section */
		F5C3CC071D65DEDA00DE60A9 /* Resources */ = {
			isa = PBXResourcesBuildPhase;
			buildActionMask = 2147483647;
			files = (
				F5C3CC1C1D65DEDA00DE60A9 /* LaunchScreen.storyboard in Resources */,
				F5C3CC191D65DEDA00DE60A9 /* Assets.xcassets in Resources */,
				F5C3CC171D65DEDA00DE60A9 /* Main.storyboard in Resources */,
			);
			runOnlyForDeploymentPostprocessing = 0;
		};
/* End PBXResourcesBuildPhase section */

/* Begin PBXSourcesBuildPhase section */
		F5C3CC051D65DEDA00DE60A9 /* Sources */ = {
			isa = PBXSourcesBuildPhase;
			buildActionMask = 2147483647;
			files = (
				F5C3CC141D65DEDA00DE60A9 /* ViewController.m in Sources */,
				F5C3CC111D65DEDA00DE60A9 /* AppDelegate.m in Sources */,
				F5C3CC0E1D65DEDA00DE60A9 /* main.m in Sources */,
			);
			runOnlyForDeploymentPostprocessing = 0;
		};
/* End PBXSourcesBuildPhase section */

/* Begin PBXVariantGroup section */
		F5C3CC151D65DEDA00DE60A9 /* Main.storyboard */ = {
			isa = PBXVariantGroup;
			children = (
				F5C3CC161D65DEDA00DE60A9 /* Base */,
			);
			name = Main.storyboard;
			sourceTree = "<group>";
		};
		F5C3CC1A1D65DEDA00DE60A9 /* LaunchScreen.storyboard */ = {
			isa = PBXVariantGroup;
			children = (
				F5C3CC1B1D65DEDA00DE60A9 /* Base */,
			);
			name = LaunchScreen.storyboard;
			sourceTree = "<group>";
		};
/* End PBXVariantGroup section */

/* Begin XCBuildConfiguration section */
		F5C3CC1E1D65DEDA00DE60A9 /* Debug */ = {
			isa = XCBuildConfiguration;
			buildSettings = {
				ALWAYS_SEARCH_USER_PATHS = NO;
				CLANG_ANALYZER_NONNULL = YES;
				CLANG_CXX_LANGUAGE_STANDARD = "gnu++0x";
				CLANG_CXX_LIBRARY = "libc++";
				CLANG_ENABLE_MODULES = YES;
				CLANG_ENABLE_OBJC_ARC = YES;
				CLANG_WARN_BOOL_CONVERSION = YES;
				CLANG_WARN_CONSTANT_CONVERSION = YES;
				CLANG_WARN_DIRECT_OBJC_ISA_USAGE = YES_ERROR;
				CLANG_WARN_DOCUMENTATION_COMMENTS = YES;
				CLANG_WARN_EMPTY_BODY = YES;
				CLANG_WARN_ENUM_CONVERSION = YES;
				CLANG_WARN_INT_CONVERSION = YES;
				CLANG_WARN_OBJC_ROOT_CLASS = YES_ERROR;
				CLANG_WARN_UNREACHABLE_CODE = YES;
				CLANG_WARN__DUPLICATE_METHOD_MATCH = YES;
				"CODE_SIGN_IDENTITY[sdk=iphoneos*]" = "iPhone Developer";
				COPY_PHASE_STRIP = NO;
				DEBUG_INFORMATION_FORMAT = dwarf;
				ENABLE_STRICT_OBJC_MSGSEND = YES;
				ENABLE_TESTABILITY = YES;
				GCC_C_LANGUAGE_STANDARD = gnu99;
				GCC_DYNAMIC_NO_PIC = NO;
				GCC_NO_COMMON_BLOCKS = YES;
				GCC_OPTIMIZATION_LEVEL = 0;
				GCC_PREPROCESSOR_DEFINITIONS = (
					"DEBUG=1",
					"$(inherited)",
				);
				GCC_WARN_64_TO_32_BIT_CONVERSION = YES;
				GCC_WARN_ABOUT_RETURN_TYPE = YES_ERROR;
				GCC_WARN_UNDECLARED_SELECTOR = YES;
				GCC_WARN_UNINITIALIZED_AUTOS = YES_AGGRESSIVE;
				GCC_WARN_UNUSED_FUNCTION = YES;
				GCC_WARN_UNUSED_VARIABLE = YES;
				IPHONEOS_DEPLOYMENT_TARGET = 10.0;
				MTL_ENABLE_DEBUG_INFO = YES;
				ONLY_ACTIVE_ARCH = YES;
				SDKROOT = iphoneos;
				TARGETED_DEVICE_FAMILY = "1,2";
			};
			name = Debug;
		};
		F5C3CC1F1D65DEDA00DE60A9 /* Release */ = {
			isa = XCBuildConfiguration;
			buildSettings = {
				ALWAYS_SEARCH_USER_PATHS = NO;
				CLANG_ANALYZER_NONNULL = YES;
				CLANG_CXX_LANGUAGE_STANDARD = "gnu++0x";
				CLANG_CXX_LIBRARY = "libc++";
				CLANG_ENABLE_MODULES = YES;
				CLANG_ENABLE_OBJC_ARC = YES;
				CLANG_WARN_BOOL_CONVERSION = YES;
				CLANG_WARN_CONSTANT_CONVERSION = YES;
				CLANG_WARN_DIRECT_OBJC_ISA_USAGE = YES_ERROR;
				CLANG_WARN_DOCUMENTATION_COMMENTS = YES;
				CLANG_WARN_EMPTY_BODY = YES;
				CLANG_WARN_ENUM_CONVERSION = YES;
				CLANG_WARN_INT_CONVERSION = YES;
				CLANG_WARN_OBJC_ROOT_CLASS = YES_ERROR;
				CLANG_WARN_UNREACHABLE_CODE = YES;
				CLANG_WARN__DUPLICATE_METHOD_MATCH = YES;
				"CODE_SIGN_IDENTITY[sdk=iphoneos*]" = "iPhone Developer";
				COPY_PHASE_STRIP = NO;
				DEBUG_INFORMATION_FORMAT = "dwarf-with-dsym";
				ENABLE_NS_ASSERTIONS = NO;
				ENABLE_STRICT_OBJC_MSGSEND = YES;
				GCC_C_LANGUAGE_STANDARD = gnu99;
				GCC_NO_COMMON_BLOCKS = YES;
				GCC_WARN_64_TO_32_BIT_CONVERSION = YES;
				GCC_WARN_ABOUT_RETURN_TYPE = YES_ERROR;
				GCC_WARN_UNDECLARED_SELECTOR = YES;
				GCC_WARN_UNINITIALIZED_AUTOS = YES_AGGRESSIVE;
				GCC_WARN_UNUSED_FUNCTION = YES;
				GCC_WARN_UNUSED_VARIABLE = YES;
				IPHONEOS_DEPLOYMENT_TARGET = 10.0;
				MTL_ENABLE_DEBUG_INFO = NO;
				SDKROOT = iphoneos;
				TARGETED_DEVICE_FAMILY = "1,2";
				VALIDATE_PRODUCT = YES;
			};
			name = Release;
		};
		F5C3CC211D65DEDA00DE60A9 /* Debug */ = {
			isa = XCBuildConfiguration;
			buildSettings = {
				ASSETCATALOG_COMPILER_APPICON_NAME = AppIcon;
				INFOPLIST_FILE = DrawCircle/Info.plist;
				LD_RUNPATH_SEARCH_PATHS = "$(inherited) @executable_path/Frameworks";
				PRODUCT_BUNDLE_IDENTIFIER = ozx.DrawCircle;
				PRODUCT_NAME = "$(TARGET_NAME)";
			};
			name = Debug;
		};
		F5C3CC221D65DEDA00DE60A9 /* Release */ = {
			isa = XCBuildConfiguration;
			buildSettings = {
				ASSETCATALOG_COMPILER_APPICON_NAME = AppIcon;
				INFOPLIST_FILE = DrawCircle/Info.plist;
				LD_RUNPATH_SEARCH_PATHS = "$(inherited) @executable_path/Frameworks";
				PRODUCT_BUNDLE_IDENTIFIER = ozx.DrawCircle;
				PRODUCT_NAME = "$(TARGET_NAME)";
			};
			name = Release;
		};
/* End XCBuildConfiguration section */

/* Begin XCConfigurationList section */
		F5C3CC041D65DEDA00DE60A9 /* Build configuration list for PBXProject "DrawCircle" */ = {
			isa = XCConfigurationList;
			buildConfigurations = (
				F5C3CC1E1D65DEDA00DE60A9 /* Debug */,
				F5C3CC1F1D65DEDA00DE60A9 /* Release */,
			);
			defaultConfigurationIsVisible = 0;
			defaultConfigurationName = Release;
		};
		F5C3CC201D65DEDA00DE60A9 /* Build configuration list for PBXNativeTarget "DrawCircle" */ = {
			isa = XCConfigurationList;
			buildConfigurations = (
				F5C3CC211D65DEDA00DE60A9 /* Debug */,
				F5C3CC221D65DEDA00DE60A9 /* Release */,
			);
			defaultConfigurationIsVisible = 0;
		};
/* End XCConfigurationList section */
	};
	rootObject = F5C3CC011D65DEDA00DE60A9 /* Project object */;
}
